
Microsoft Visual Studio Solution File, Format Version 12.00
# Visual Studio 15
VisualStudioVersion = 15.0.27130.2026
MinimumVisualStudioVersion = 10.0.40219.1
Project("{FAE04EC0-301F-11D3-BF4B-00C04F79EFBC}") = "ConsoleApp45", "ConsoleApp45\ConsoleApp45.csproj", "{3674D31C-B3B7-4152-A89A-B27B51E792CF}"
EndProject
Global
	GlobalSection(SolutionConfigurationPlatforms) = preSolution
		Debug|Any CPU = Debug|Any CPU
		Release|Any CPU = Release|Any CPU
	EndGlobalSection
	GlobalSection(ProjectConfigurationPlatforms) = postSolution
		{3674D31C-B3B7-4152-A89A-B27B51E792CF}.Debug|Any CPU.ActiveCfg = Debug|Any CPU
		{3674D31C-B3B7-4152-A89A-B27B51E792CF}.Debug|Any CPU.Build.0 = Debug|Any CPU
		{3674D31C-B3B7-4152-A89A-B27B51E792CF}.Release|Any CPU.ActiveCfg = Release|Any CPU
		{3674D31C-B3B7-4152-A89A-B27B51E792CF}.Release|Any CPU.Build.0 = Release|Any CPU
	EndGlobalSection
	GlobalSection(SolutionProperties) = preSolution
		HideSolutionNode = FALSE
	EndGlobalSection
	GlobalSection(ExtensibilityGlobals) = postSolution
		SolutionGuid = {B30F5618-4F76-4005-BCCE-F00BEF48F4D8}
	EndGlobalSection
EndGlobal
