
Microsoft Visual Studio Solution File, Format Version 12.00
# Visual Studio 15
VisualStudioVersion = 15.0.27130.2024
MinimumVisualStudioVersion = 10.0.40219.1
Project("{FAE04EC0-301F-11D3-BF4B-00C04F79EFBC}") = "ConsoleApp16", "ConsoleApp16\ConsoleApp16.csproj", "{8759FEFE-6818-4AAA-9D91-ED93F605821B}"
EndProject
Global
	GlobalSection(SolutionConfigurationPlatforms) = preSolution
		Debug|Any CPU = Debug|Any CPU
		Release|Any CPU = Release|Any CPU
	EndGlobalSection
	GlobalSection(ProjectConfigurationPlatforms) = postSolution
		{8759FEFE-6818-4AAA-9D91-ED93F605821B}.Debug|Any CPU.ActiveCfg = Debug|Any CPU
		{8759FEFE-6818-4AAA-9D91-ED93F605821B}.Debug|Any CPU.Build.0 = Debug|Any CPU
		{8759FEFE-6818-4AAA-9D91-ED93F605821B}.Release|Any CPU.ActiveCfg = Release|Any CPU
		{8759FEFE-6818-4AAA-9D91-ED93F605821B}.Release|Any CPU.Build.0 = Release|Any CPU
	EndGlobalSection
	GlobalSection(SolutionProperties) = preSolution
		HideSolutionNode = FALSE
	EndGlobalSection
	GlobalSection(ExtensibilityGlobals) = postSolution
		SolutionGuid = {0220BAD5-E0CA-4153-AD4F-88E1115B2EC8}
	EndGlobalSection
EndGlobal
