
Microsoft Visual Studio Solution File, Format Version 12.00
# Visual Studio 15
VisualStudioVersion = 15.0.27130.2026
MinimumVisualStudioVersion = 10.0.40219.1
Project("{FAE04EC0-301F-11D3-BF4B-00C04F79EFBC}") = "CustomArrayList", "CustomArrayList\CustomArrayList.csproj", "{9FA1D4A6-D615-4B2D-AF03-FFDAD16FB3C1}"
EndProject
Global
	GlobalSection(SolutionConfigurationPlatforms) = preSolution
		Debug|Any CPU = Debug|Any CPU
		Release|Any CPU = Release|Any CPU
	EndGlobalSection
	GlobalSection(ProjectConfigurationPlatforms) = postSolution
		{9FA1D4A6-D615-4B2D-AF03-FFDAD16FB3C1}.Debug|Any CPU.ActiveCfg = Debug|Any CPU
		{9FA1D4A6-D615-4B2D-AF03-FFDAD16FB3C1}.Debug|Any CPU.Build.0 = Debug|Any CPU
		{9FA1D4A6-D615-4B2D-AF03-FFDAD16FB3C1}.Release|Any CPU.ActiveCfg = Release|Any CPU
		{9FA1D4A6-D615-4B2D-AF03-FFDAD16FB3C1}.Release|Any CPU.Build.0 = Release|Any CPU
	EndGlobalSection
	GlobalSection(SolutionProperties) = preSolution
		HideSolutionNode = FALSE
	EndGlobalSection
	GlobalSection(ExtensibilityGlobals) = postSolution
		SolutionGuid = {B44EE622-B257-49AC-884F-CFD1B1B69C72}
	EndGlobalSection
EndGlobal
