
Microsoft Visual Studio Solution File, Format Version 12.00
# Visual Studio 15
VisualStudioVersion = 15.0.27130.2026
MinimumVisualStudioVersion = 10.0.40219.1
Project("{FAE04EC0-301F-11D3-BF4B-00C04F79EFBC}") = "ConsoleApp46", "ConsoleApp46\ConsoleApp46.csproj", "{DA5FA62C-248D-497A-A704-C9A30AA05231}"
EndProject
Global
	GlobalSection(SolutionConfigurationPlatforms) = preSolution
		Debug|Any CPU = Debug|Any CPU
		Release|Any CPU = Release|Any CPU
	EndGlobalSection
	GlobalSection(ProjectConfigurationPlatforms) = postSolution
		{DA5FA62C-248D-497A-A704-C9A30AA05231}.Debug|Any CPU.ActiveCfg = Debug|Any CPU
		{DA5FA62C-248D-497A-A704-C9A30AA05231}.Debug|Any CPU.Build.0 = Debug|Any CPU
		{DA5FA62C-248D-497A-A704-C9A30AA05231}.Release|Any CPU.ActiveCfg = Release|Any CPU
		{DA5FA62C-248D-497A-A704-C9A30AA05231}.Release|Any CPU.Build.0 = Release|Any CPU
	EndGlobalSection
	GlobalSection(SolutionProperties) = preSolution
		HideSolutionNode = FALSE
	EndGlobalSection
	GlobalSection(ExtensibilityGlobals) = postSolution
		SolutionGuid = {7EBAECA8-3A4E-4C83-87ED-6F331D223DFD}
	EndGlobalSection
EndGlobal
