
Microsoft Visual Studio Solution File, Format Version 12.00
# Visual Studio 15
VisualStudioVersion = 15.0.27130.0
MinimumVisualStudioVersion = 10.0.40219.1
Project("{FAE04EC0-301F-11D3-BF4B-00C04F79EFBC}") = "ConsoleApp9", "ConsoleApp9\ConsoleApp9.csproj", "{929CC624-A34E-4272-BA09-EDB3C6EB4475}"
EndProject
Global
	GlobalSection(SolutionConfigurationPlatforms) = preSolution
		Debug|Any CPU = Debug|Any CPU
		Release|Any CPU = Release|Any CPU
	EndGlobalSection
	GlobalSection(ProjectConfigurationPlatforms) = postSolution
		{929CC624-A34E-4272-BA09-EDB3C6EB4475}.Debug|Any CPU.ActiveCfg = Debug|Any CPU
		{929CC624-A34E-4272-BA09-EDB3C6EB4475}.Debug|Any CPU.Build.0 = Debug|Any CPU
		{929CC624-A34E-4272-BA09-EDB3C6EB4475}.Release|Any CPU.ActiveCfg = Release|Any CPU
		{929CC624-A34E-4272-BA09-EDB3C6EB4475}.Release|Any CPU.Build.0 = Release|Any CPU
	EndGlobalSection
	GlobalSection(SolutionProperties) = preSolution
		HideSolutionNode = FALSE
	EndGlobalSection
	GlobalSection(ExtensibilityGlobals) = postSolution
		SolutionGuid = {1A7FC09C-BF88-4495-AFB0-E961D3C24A82}
	EndGlobalSection
EndGlobal
