
Microsoft Visual Studio Solution File, Format Version 12.00
# Visual Studio 15
VisualStudioVersion = 15.0.27130.2026
MinimumVisualStudioVersion = 10.0.40219.1
Project("{FAE04EC0-301F-11D3-BF4B-00C04F79EFBC}") = "ConsoleApp53", "ConsoleApp53\ConsoleApp53.csproj", "{00C32BD7-3E4E-42D1-B0D4-2706C2BC891A}"
EndProject
Global
	GlobalSection(SolutionConfigurationPlatforms) = preSolution
		Debug|Any CPU = Debug|Any CPU
		Release|Any CPU = Release|Any CPU
	EndGlobalSection
	GlobalSection(ProjectConfigurationPlatforms) = postSolution
		{00C32BD7-3E4E-42D1-B0D4-2706C2BC891A}.Debug|Any CPU.ActiveCfg = Debug|Any CPU
		{00C32BD7-3E4E-42D1-B0D4-2706C2BC891A}.Debug|Any CPU.Build.0 = Debug|Any CPU
		{00C32BD7-3E4E-42D1-B0D4-2706C2BC891A}.Release|Any CPU.ActiveCfg = Release|Any CPU
		{00C32BD7-3E4E-42D1-B0D4-2706C2BC891A}.Release|Any CPU.Build.0 = Release|Any CPU
	EndGlobalSection
	GlobalSection(SolutionProperties) = preSolution
		HideSolutionNode = FALSE
	EndGlobalSection
	GlobalSection(ExtensibilityGlobals) = postSolution
		SolutionGuid = {CF03EC05-A1B7-419E-8848-9660E60F2FB0}
	EndGlobalSection
EndGlobal
